
Microsoft Visual Studio Solution File, Format Version 12.00
# Visual Studio Version 17
VisualStudioVersion = 17.0.31903.59
MinimumVisualStudioVersion = 10.0.40219.1
Project("{2150E333-8FDC-42A3-9474-1A3956D46DE8}") = "Src", "Src", "{551C84BD-CA68-4F72-83CB-FFDCBB22C3F5}"
EndProject
Project("{2150E333-8FDC-42A3-9474-1A3956D46DE8}") = "Tests", "Tests", "{E56C6636-3DE9-4CF9-8DC6-905C5010F3A8}"
EndProject
Project("{2150E333-8FDC-42A3-9474-1A3956D46DE8}") = "Presentation", "Presentation", "{663DE74D-7500-41E3-8B5C-3474C8B1061B}"
EndProject
Project("{9A19103F-16F7-4668-BE54-9A1E7A4F7556}") = "SMMCoreDDD2019.AdminLte", "SMMCoreDDD2019.AdminLte\SMMCoreDDD2019.AdminLte.csproj", "{F5CE18A9-5093-42EE-8E22-A53BF2DAB9F6}"
EndProject
Project("{2150E333-8FDC-42A3-9474-1A3956D46DE8}") = "SumberMas2015.SalesMarketing", "SumberMas2015.SalesMarketing", "{6431DFEC-77BC-45DD-A4D5-C0836780EDFA}"
EndProject
Project("{9A19103F-16F7-4668-BE54-9A1E7A4F7556}") = "SumberMas2015.SalesMarketing", "SumberMas2015.SalesMarketing\SumberMas2015.SalesMarketing.csproj", "{067A4584-A27E-47D9-B9E7-0D623E33BC99}"
EndProject
Project("{2150E333-8FDC-42A3-9474-1A3956D46DE8}") = "SumberMas2015.Organization", "SumberMas2015.Organization", "{CEE695F3-AF79-41C4-A692-09898981FAE3}"
EndProject
Project("{2150E333-8FDC-42A3-9474-1A3956D46DE8}") = "SumberMas2015.HumanCapital", "SumberMas2015.HumanCapital", "{71575448-C75C-43BD-A696-3EC1A19CB9F0}"
EndProject
Project("{2150E333-8FDC-42A3-9474-1A3956D46DE8}") = "SumberMas2015.Inventory", "SumberMas2015.Inventory", "{26E53FC1-196C-44F0-97B0-4C99F894D93A}"
EndProject
Project("{2150E333-8FDC-42A3-9474-1A3956D46DE8}") = "SumberMas2015.Finance", "SumberMas2015.Finance", "{8EE04217-D690-4D8E-BFF8-FFCB4803D831}"
EndProject
Project("{2150E333-8FDC-42A3-9474-1A3956D46DE8}") = "SumberMas2015.Identity", "SumberMas2015.Identity", "{4E5D66CF-E0A4-41DD-9F85-763F57B07BF3}"
EndProject
Project("{2150E333-8FDC-42A3-9474-1A3956D46DE8}") = "SumberMas2015.Accounting", "SumberMas2015.Accounting", "{A3B48ECA-51A6-46AF-B651-C3DD7174164E}"
EndProject
Project("{9A19103F-16F7-4668-BE54-9A1E7A4F7556}") = "SumberMas2015.Organization", "SumberMas2015.Organization\SumberMas2015.Organization.csproj", "{62C2136B-A279-4206-A2D0-6F309EFE80EE}"
EndProject
Project("{9A19103F-16F7-4668-BE54-9A1E7A4F7556}") = "SumberMas2015.Inventory", "SumberMas2015.Inventory\SumberMas2015.Inventory.csproj", "{3C78C20D-C997-45A0-B8A5-1B1C056AAC5A}"
EndProject
Project("{9A19103F-16F7-4668-BE54-9A1E7A4F7556}") = "SumberMas2015.HumanCapital", "SumberMas2015.HumanCapital\SumberMas2015.HumanCapital.csproj", "{90A7DC31-CD52-41D5-95B5-6BA6787F4426}"
EndProject
Project("{9A19103F-16F7-4668-BE54-9A1E7A4F7556}") = "SumberMas2015.Accounting", "SumberMas2015.Accounting\SumberMas2015.Accounting.csproj", "{F806A7B1-79F0-4B70-BDE6-0DB159CF6F5E}"
EndProject
Project("{2150E333-8FDC-42A3-9474-1A3956D46DE8}") = "SumberMas2015.DDD", "SumberMas2015.DDD", "{D262CE6A-8769-441C-9C22-86005E27B2D6}"
EndProject
Project("{9A19103F-16F7-4668-BE54-9A1E7A4F7556}") = "SumberMas2015.DDD", "SumberMas2015.DDD\SumberMas2015.DDD.csproj", "{D38E53EF-64C3-43DC-A032-17473A0E6B75}"
EndProject
Project("{2150E333-8FDC-42A3-9474-1A3956D46DE8}") = "SumberMas2015.IntegrationEvent", "SumberMas2015.IntegrationEvent", "{BD6F0CEF-AEC6-49E5-8796-3ABCAE9F0D58}"
EndProject
Project("{9A19103F-16F7-4668-BE54-9A1E7A4F7556}") = "SumberMas2015.IntegrationEvent", "SumberMas2015.IntegrationEvent\SumberMas2015.IntegrationEvent.csproj", "{711330D9-E10D-4BFC-9869-F4A8EA94AD8C}"
EndProject
Project("{9A19103F-16F7-4668-BE54-9A1E7A4F7556}") = "SumberMas2015.Identity", "SumberMas2015.Identity\SumberMas2015.Identity.csproj", "{8869A67D-0AC9-4BAB-87A2-206FF8CC1DD3}"
EndProject
Project("{2150E333-8FDC-42A3-9474-1A3956D46DE8}") = "API", "API", "{66311908-0D3F-4E4C-A2CD-EB0C612E28EB}"
EndProject
Project("{2150E333-8FDC-42A3-9474-1A3956D46DE8}") = "FlutterFrontEnd", "FlutterFrontEnd", "{5245B0BF-186C-4989-A028-BA410F6D8758}"
EndProject
Global
	GlobalSection(SolutionConfigurationPlatforms) = preSolution
		Debug|Any CPU = Debug|Any CPU
		Release|Any CPU = Release|Any CPU
	EndGlobalSection
	GlobalSection(ProjectConfigurationPlatforms) = postSolution
		{F5CE18A9-5093-42EE-8E22-A53BF2DAB9F6}.Debug|Any CPU.ActiveCfg = Debug|Any CPU
		{F5CE18A9-5093-42EE-8E22-A53BF2DAB9F6}.Debug|Any CPU.Build.0 = Debug|Any CPU
		{F5CE18A9-5093-42EE-8E22-A53BF2DAB9F6}.Release|Any CPU.ActiveCfg = Release|Any CPU
		{F5CE18A9-5093-42EE-8E22-A53BF2DAB9F6}.Release|Any CPU.Build.0 = Release|Any CPU
		{067A4584-A27E-47D9-B9E7-0D623E33BC99}.Debug|Any CPU.ActiveCfg = Debug|Any CPU
		{067A4584-A27E-47D9-B9E7-0D623E33BC99}.Debug|Any CPU.Build.0 = Debug|Any CPU
		{067A4584-A27E-47D9-B9E7-0D623E33BC99}.Release|Any CPU.ActiveCfg = Release|Any CPU
		{067A4584-A27E-47D9-B9E7-0D623E33BC99}.Release|Any CPU.Build.0 = Release|Any CPU
		{62C2136B-A279-4206-A2D0-6F309EFE80EE}.Debug|Any CPU.ActiveCfg = Debug|Any CPU
		{62C2136B-A279-4206-A2D0-6F309EFE80EE}.Debug|Any CPU.Build.0 = Debug|Any CPU
		{62C2136B-A279-4206-A2D0-6F309EFE80EE}.Release|Any CPU.ActiveCfg = Release|Any CPU
		{62C2136B-A279-4206-A2D0-6F309EFE80EE}.Release|Any CPU.Build.0 = Release|Any CPU
		{3C78C20D-C997-45A0-B8A5-1B1C056AAC5A}.Debug|Any CPU.ActiveCfg = Debug|Any CPU
		{3C78C20D-C997-45A0-B8A5-1B1C056AAC5A}.Debug|Any CPU.Build.0 = Debug|Any CPU
		{3C78C20D-C997-45A0-B8A5-1B1C056AAC5A}.Release|Any CPU.ActiveCfg = Release|Any CPU
		{3C78C20D-C997-45A0-B8A5-1B1C056AAC5A}.Release|Any CPU.Build.0 = Release|Any CPU
		{90A7DC31-CD52-41D5-95B5-6BA6787F4426}.Debug|Any CPU.ActiveCfg = Debug|Any CPU
		{90A7DC31-CD52-41D5-95B5-6BA6787F4426}.Debug|Any CPU.Build.0 = Debug|Any CPU
		{90A7DC31-CD52-41D5-95B5-6BA6787F4426}.Release|Any CPU.ActiveCfg = Release|Any CPU
		{90A7DC31-CD52-41D5-95B5-6BA6787F4426}.Release|Any CPU.Build.0 = Release|Any CPU
		{F806A7B1-79F0-4B70-BDE6-0DB159CF6F5E}.Debug|Any CPU.ActiveCfg = Debug|Any CPU
		{F806A7B1-79F0-4B70-BDE6-0DB159CF6F5E}.Debug|Any CPU.Build.0 = Debug|Any CPU
		{F806A7B1-79F0-4B70-BDE6-0DB159CF6F5E}.Release|Any CPU.ActiveCfg = Release|Any CPU
		{F806A7B1-79F0-4B70-BDE6-0DB159CF6F5E}.Release|Any CPU.Build.0 = Release|Any CPU
		{D38E53EF-64C3-43DC-A032-17473A0E6B75}.Debug|Any CPU.ActiveCfg = Debug|Any CPU
		{D38E53EF-64C3-43DC-A032-17473A0E6B75}.Debug|Any CPU.Build.0 = Debug|Any CPU
		{D38E53EF-64C3-43DC-A032-17473A0E6B75}.Release|Any CPU.ActiveCfg = Release|Any CPU
		{D38E53EF-64C3-43DC-A032-17473A0E6B75}.Release|Any CPU.Build.0 = Release|Any CPU
		{711330D9-E10D-4BFC-9869-F4A8EA94AD8C}.Debug|Any CPU.ActiveCfg = Debug|Any CPU
		{711330D9-E10D-4BFC-9869-F4A8EA94AD8C}.Debug|Any CPU.Build.0 = Debug|Any CPU
		{711330D9-E10D-4BFC-9869-F4A8EA94AD8C}.Release|Any CPU.ActiveCfg = Release|Any CPU
		{711330D9-E10D-4BFC-9869-F4A8EA94AD8C}.Release|Any CPU.Build.0 = Release|Any CPU
		{8869A67D-0AC9-4BAB-87A2-206FF8CC1DD3}.Debug|Any CPU.ActiveCfg = Debug|Any CPU
		{8869A67D-0AC9-4BAB-87A2-206FF8CC1DD3}.Debug|Any CPU.Build.0 = Debug|Any CPU
		{8869A67D-0AC9-4BAB-87A2-206FF8CC1DD3}.Release|Any CPU.ActiveCfg = Release|Any CPU
		{8869A67D-0AC9-4BAB-87A2-206FF8CC1DD3}.Release|Any CPU.Build.0 = Release|Any CPU
	EndGlobalSection
	GlobalSection(SolutionProperties) = preSolution
		HideSolutionNode = FALSE
	EndGlobalSection
	GlobalSection(NestedProjects) = preSolution
		{663DE74D-7500-41E3-8B5C-3474C8B1061B} = {551C84BD-CA68-4F72-83CB-FFDCBB22C3F5}
		{F5CE18A9-5093-42EE-8E22-A53BF2DAB9F6} = {663DE74D-7500-41E3-8B5C-3474C8B1061B}
		{6431DFEC-77BC-45DD-A4D5-C0836780EDFA} = {551C84BD-CA68-4F72-83CB-FFDCBB22C3F5}
		{067A4584-A27E-47D9-B9E7-0D623E33BC99} = {6431DFEC-77BC-45DD-A4D5-C0836780EDFA}
		{CEE695F3-AF79-41C4-A692-09898981FAE3} = {551C84BD-CA68-4F72-83CB-FFDCBB22C3F5}
		{71575448-C75C-43BD-A696-3EC1A19CB9F0} = {551C84BD-CA68-4F72-83CB-FFDCBB22C3F5}
		{26E53FC1-196C-44F0-97B0-4C99F894D93A} = {551C84BD-CA68-4F72-83CB-FFDCBB22C3F5}
		{8EE04217-D690-4D8E-BFF8-FFCB4803D831} = {551C84BD-CA68-4F72-83CB-FFDCBB22C3F5}
		{4E5D66CF-E0A4-41DD-9F85-763F57B07BF3} = {551C84BD-CA68-4F72-83CB-FFDCBB22C3F5}
		{A3B48ECA-51A6-46AF-B651-C3DD7174164E} = {551C84BD-CA68-4F72-83CB-FFDCBB22C3F5}
		{62C2136B-A279-4206-A2D0-6F309EFE80EE} = {CEE695F3-AF79-41C4-A692-09898981FAE3}
		{3C78C20D-C997-45A0-B8A5-1B1C056AAC5A} = {26E53FC1-196C-44F0-97B0-4C99F894D93A}
		{90A7DC31-CD52-41D5-95B5-6BA6787F4426} = {71575448-C75C-43BD-A696-3EC1A19CB9F0}
		{F806A7B1-79F0-4B70-BDE6-0DB159CF6F5E} = {A3B48ECA-51A6-46AF-B651-C3DD7174164E}
		{D262CE6A-8769-441C-9C22-86005E27B2D6} = {551C84BD-CA68-4F72-83CB-FFDCBB22C3F5}
		{D38E53EF-64C3-43DC-A032-17473A0E6B75} = {D262CE6A-8769-441C-9C22-86005E27B2D6}
		{BD6F0CEF-AEC6-49E5-8796-3ABCAE9F0D58} = {551C84BD-CA68-4F72-83CB-FFDCBB22C3F5}
		{711330D9-E10D-4BFC-9869-F4A8EA94AD8C} = {BD6F0CEF-AEC6-49E5-8796-3ABCAE9F0D58}
		{8869A67D-0AC9-4BAB-87A2-206FF8CC1DD3} = {4E5D66CF-E0A4-41DD-9F85-763F57B07BF3}
		{66311908-0D3F-4E4C-A2CD-EB0C612E28EB} = {551C84BD-CA68-4F72-83CB-FFDCBB22C3F5}
		{5245B0BF-186C-4989-A028-BA410F6D8758} = {551C84BD-CA68-4F72-83CB-FFDCBB22C3F5}
	EndGlobalSection
	GlobalSection(ExtensibilityGlobals) = postSolution
		SolutionGuid = {8C7FBAD6-AA62-41E2-BA1E-9391E74D9C94}
	EndGlobalSection
EndGlobal
